
Microsoft Visual Studio Solution File, Format Version 12.00
# Visual Studio 14
VisualStudioVersion = 14.0.25420.1
MinimumVisualStudioVersion = 10.0.40219.1
Project("{FAE04EC0-301F-11D3-BF4B-00C04F79EFBC}") = "01.Database", "01.Database\01.Database.csproj", "{56C4B67C-EC5C-4713-BEFC-A47153D6FCCB}"
EndProject
Project("{FAE04EC0-301F-11D3-BF4B-00C04F79EFBC}") = "01.Database.Tests", "01.Database.Tests\01.Database.Tests.csproj", "{ABDE5E15-BA9C-4B67-BC20-CCAE47031C42}"
EndProject
Global
	GlobalSection(SolutionConfigurationPlatforms) = preSolution
		Debug|Any CPU = Debug|Any CPU
		Release|Any CPU = Release|Any CPU
	EndGlobalSection
	GlobalSection(ProjectConfigurationPlatforms) = postSolution
		{56C4B67C-EC5C-4713-BEFC-A47153D6FCCB}.Debug|Any CPU.ActiveCfg = Debug|Any CPU
		{56C4B67C-EC5C-4713-BEFC-A47153D6FCCB}.Debug|Any CPU.Build.0 = Debug|Any CPU
		{56C4B67C-EC5C-4713-BEFC-A47153D6FCCB}.Release|Any CPU.ActiveCfg = Release|Any CPU
		{56C4B67C-EC5C-4713-BEFC-A47153D6FCCB}.Release|Any CPU.Build.0 = Release|Any CPU
		{ABDE5E15-BA9C-4B67-BC20-CCAE47031C42}.Debug|Any CPU.ActiveCfg = Debug|Any CPU
		{ABDE5E15-BA9C-4B67-BC20-CCAE47031C42}.Debug|Any CPU.Build.0 = Debug|Any CPU
		{ABDE5E15-BA9C-4B67-BC20-CCAE47031C42}.Release|Any CPU.ActiveCfg = Release|Any CPU
		{ABDE5E15-BA9C-4B67-BC20-CCAE47031C42}.Release|Any CPU.Build.0 = Release|Any CPU
	EndGlobalSection
	GlobalSection(SolutionProperties) = preSolution
		HideSolutionNode = FALSE
	EndGlobalSection
EndGlobal
