
Microsoft Visual Studio Solution File, Format Version 12.00
# Visual Studio 14
VisualStudioVersion = 14.0.25420.1
MinimumVisualStudioVersion = 10.0.40219.1
Project("{FAE04EC0-301F-11D3-BF4B-00C04F79EFBC}") = "Demo", "Demo\Demo.csproj", "{2B8E89EA-98A0-40D9-A670-D86AC034F04D}"
EndProject
Project("{FAE04EC0-301F-11D3-BF4B-00C04F79EFBC}") = "EventImplementation", "EventImplementation\EventImplementation.csproj", "{00E8D6FF-B557-424F-8F7C-983E3218E519}"
EndProject
Global
	GlobalSection(SolutionConfigurationPlatforms) = preSolution
		Debug|Any CPU = Debug|Any CPU
		Release|Any CPU = Release|Any CPU
	EndGlobalSection
	GlobalSection(ProjectConfigurationPlatforms) = postSolution
		{2B8E89EA-98A0-40D9-A670-D86AC034F04D}.Debug|Any CPU.ActiveCfg = Debug|Any CPU
		{2B8E89EA-98A0-40D9-A670-D86AC034F04D}.Debug|Any CPU.Build.0 = Debug|Any CPU
		{2B8E89EA-98A0-40D9-A670-D86AC034F04D}.Release|Any CPU.ActiveCfg = Release|Any CPU
		{2B8E89EA-98A0-40D9-A670-D86AC034F04D}.Release|Any CPU.Build.0 = Release|Any CPU
		{00E8D6FF-B557-424F-8F7C-983E3218E519}.Debug|Any CPU.ActiveCfg = Debug|Any CPU
		{00E8D6FF-B557-424F-8F7C-983E3218E519}.Debug|Any CPU.Build.0 = Debug|Any CPU
		{00E8D6FF-B557-424F-8F7C-983E3218E519}.Release|Any CPU.ActiveCfg = Release|Any CPU
		{00E8D6FF-B557-424F-8F7C-983E3218E519}.Release|Any CPU.Build.0 = Release|Any CPU
	EndGlobalSection
	GlobalSection(SolutionProperties) = preSolution
		HideSolutionNode = FALSE
	EndGlobalSection
EndGlobal
