
Microsoft Visual Studio Solution File, Format Version 12.00
# Visual Studio 14
VisualStudioVersion = 14.0.25420.1
MinimumVisualStudioVersion = 10.0.40219.1
Project("{FAE04EC0-301F-11D3-BF4B-00C04F79EFBC}") = "BoxOfT", "BoxOfT\BoxOfT.csproj", "{7711F19E-1A85-414D-A78D-D14F996D0F25}"
EndProject
Project("{FAE04EC0-301F-11D3-BF4B-00C04F79EFBC}") = "GenericArrayCreator", "GenericArrayCreator\GenericArrayCreator.csproj", "{82D84C92-5063-4274-8D2A-5BDA5A5FB862}"
EndProject
Project("{FAE04EC0-301F-11D3-BF4B-00C04F79EFBC}") = "GenericScale", "GenericScale\GenericScale.csproj", "{2B84BEBC-9033-4402-B667-2A4FDFE2F381}"
EndProject
Project("{FAE04EC0-301F-11D3-BF4B-00C04F79EFBC}") = "GenericBox", "GenericBox\GenericBox.csproj", "{5EA96EF1-80C6-4372-934B-7F8A6049E6D0}"
EndProject
Project("{FAE04EC0-301F-11D3-BF4B-00C04F79EFBC}") = "CustomListExercices", "CustomListExercices\CustomListExercices.csproj", "{C3FEE41F-DFF3-40DC-AF03-6B998FB2A05B}"
EndProject
Global
	GlobalSection(SolutionConfigurationPlatforms) = preSolution
		Debug|Any CPU = Debug|Any CPU
		Release|Any CPU = Release|Any CPU
	EndGlobalSection
	GlobalSection(ProjectConfigurationPlatforms) = postSolution
		{7711F19E-1A85-414D-A78D-D14F996D0F25}.Debug|Any CPU.ActiveCfg = Debug|Any CPU
		{7711F19E-1A85-414D-A78D-D14F996D0F25}.Debug|Any CPU.Build.0 = Debug|Any CPU
		{7711F19E-1A85-414D-A78D-D14F996D0F25}.Release|Any CPU.ActiveCfg = Release|Any CPU
		{7711F19E-1A85-414D-A78D-D14F996D0F25}.Release|Any CPU.Build.0 = Release|Any CPU
		{82D84C92-5063-4274-8D2A-5BDA5A5FB862}.Debug|Any CPU.ActiveCfg = Debug|Any CPU
		{82D84C92-5063-4274-8D2A-5BDA5A5FB862}.Debug|Any CPU.Build.0 = Debug|Any CPU
		{82D84C92-5063-4274-8D2A-5BDA5A5FB862}.Release|Any CPU.ActiveCfg = Release|Any CPU
		{82D84C92-5063-4274-8D2A-5BDA5A5FB862}.Release|Any CPU.Build.0 = Release|Any CPU
		{2B84BEBC-9033-4402-B667-2A4FDFE2F381}.Debug|Any CPU.ActiveCfg = Debug|Any CPU
		{2B84BEBC-9033-4402-B667-2A4FDFE2F381}.Debug|Any CPU.Build.0 = Debug|Any CPU
		{2B84BEBC-9033-4402-B667-2A4FDFE2F381}.Release|Any CPU.ActiveCfg = Release|Any CPU
		{2B84BEBC-9033-4402-B667-2A4FDFE2F381}.Release|Any CPU.Build.0 = Release|Any CPU
		{5EA96EF1-80C6-4372-934B-7F8A6049E6D0}.Debug|Any CPU.ActiveCfg = Debug|Any CPU
		{5EA96EF1-80C6-4372-934B-7F8A6049E6D0}.Debug|Any CPU.Build.0 = Debug|Any CPU
		{5EA96EF1-80C6-4372-934B-7F8A6049E6D0}.Release|Any CPU.ActiveCfg = Release|Any CPU
		{5EA96EF1-80C6-4372-934B-7F8A6049E6D0}.Release|Any CPU.Build.0 = Release|Any CPU
		{C3FEE41F-DFF3-40DC-AF03-6B998FB2A05B}.Debug|Any CPU.ActiveCfg = Debug|Any CPU
		{C3FEE41F-DFF3-40DC-AF03-6B998FB2A05B}.Debug|Any CPU.Build.0 = Debug|Any CPU
		{C3FEE41F-DFF3-40DC-AF03-6B998FB2A05B}.Release|Any CPU.ActiveCfg = Release|Any CPU
		{C3FEE41F-DFF3-40DC-AF03-6B998FB2A05B}.Release|Any CPU.Build.0 = Release|Any CPU
	EndGlobalSection
	GlobalSection(SolutionProperties) = preSolution
		HideSolutionNode = FALSE
	EndGlobalSection
EndGlobal
