
Microsoft Visual Studio Solution File, Format Version 12.00
# Visual Studio 14
VisualStudioVersion = 14.0.25420.1
MinimumVisualStudioVersion = 10.0.40219.1
Project("{FAE04EC0-301F-11D3-BF4B-00C04F79EFBC}") = "Demo", "Demo\Demo.csproj", "{AF5CA5C9-2D60-4DF2-B951-582092EA304E}"
EndProject
Project("{FAE04EC0-301F-11D3-BF4B-00C04F79EFBC}") = "Stealer", "Stealer\Stealer.csproj", "{8B4EA8CA-8ADE-4C69-BD49-6CAAF7D0396F}"
EndProject
Project("{FAE04EC0-301F-11D3-BF4B-00C04F79EFBC}") = "01HarestingFields", "HarestingFields\01HarestingFields.csproj", "{7F012308-C208-4E3D-97AA-1AB63A28AEE6}"
EndProject
Project("{FAE04EC0-301F-11D3-BF4B-00C04F79EFBC}") = "02BlackBoxInteger", "02BlackBoxInteger\02BlackBoxInteger.csproj", "{56403F2F-210D-4F01-AC6C-A31B8CBB305B}"
EndProject
Global
	GlobalSection(SolutionConfigurationPlatforms) = preSolution
		Debug|Any CPU = Debug|Any CPU
		Release|Any CPU = Release|Any CPU
	EndGlobalSection
	GlobalSection(ProjectConfigurationPlatforms) = postSolution
		{AF5CA5C9-2D60-4DF2-B951-582092EA304E}.Debug|Any CPU.ActiveCfg = Debug|Any CPU
		{AF5CA5C9-2D60-4DF2-B951-582092EA304E}.Debug|Any CPU.Build.0 = Debug|Any CPU
		{AF5CA5C9-2D60-4DF2-B951-582092EA304E}.Release|Any CPU.ActiveCfg = Release|Any CPU
		{AF5CA5C9-2D60-4DF2-B951-582092EA304E}.Release|Any CPU.Build.0 = Release|Any CPU
		{8B4EA8CA-8ADE-4C69-BD49-6CAAF7D0396F}.Debug|Any CPU.ActiveCfg = Debug|Any CPU
		{8B4EA8CA-8ADE-4C69-BD49-6CAAF7D0396F}.Debug|Any CPU.Build.0 = Debug|Any CPU
		{8B4EA8CA-8ADE-4C69-BD49-6CAAF7D0396F}.Release|Any CPU.ActiveCfg = Release|Any CPU
		{8B4EA8CA-8ADE-4C69-BD49-6CAAF7D0396F}.Release|Any CPU.Build.0 = Release|Any CPU
		{7F012308-C208-4E3D-97AA-1AB63A28AEE6}.Debug|Any CPU.ActiveCfg = Debug|Any CPU
		{7F012308-C208-4E3D-97AA-1AB63A28AEE6}.Debug|Any CPU.Build.0 = Debug|Any CPU
		{7F012308-C208-4E3D-97AA-1AB63A28AEE6}.Release|Any CPU.ActiveCfg = Release|Any CPU
		{7F012308-C208-4E3D-97AA-1AB63A28AEE6}.Release|Any CPU.Build.0 = Release|Any CPU
		{56403F2F-210D-4F01-AC6C-A31B8CBB305B}.Debug|Any CPU.ActiveCfg = Debug|Any CPU
		{56403F2F-210D-4F01-AC6C-A31B8CBB305B}.Debug|Any CPU.Build.0 = Debug|Any CPU
		{56403F2F-210D-4F01-AC6C-A31B8CBB305B}.Release|Any CPU.ActiveCfg = Release|Any CPU
		{56403F2F-210D-4F01-AC6C-A31B8CBB305B}.Release|Any CPU.Build.0 = Release|Any CPU
	EndGlobalSection
	GlobalSection(SolutionProperties) = preSolution
		HideSolutionNode = FALSE
	EndGlobalSection
EndGlobal
